// !$*UTF8*$!
{
	archiveVersion = 1;
	classes = {
	};
	objectVersion = 77;
	objects = {

/* Begin PBXBuildFile section */
		125953B72E1AC9B600BB700A /* MainView.swift in Sources */ = {isa = PBXBuildFile; fileRef = 125953B42E1AC9B600BB700A /* MainView.swift */; };
		125953B82E1AC9B600BB700A /* DatingApp.swift in Sources */ = {isa = PBXBuildFile; fileRef = 125953B52E1AC9B600BB700A /* DatingApp.swift */; };
		125953B92E1AC9B600BB700A /* Assets.xcassets in Resources */ = {isa = PBXBuildFile; fileRef = 125953B32E1AC9B600BB700A /* Assets.xcassets */; };
		125953BE2E1AC9EA00BB700A /* FeedView.swift in Sources */ = {isa = PBXBuildFile; fileRef = 125953BD2E1AC9EA00BB700A /* FeedView.swift */; };
		125953C02E1ACBEF00BB700A /* ProfileCardView.swift in Sources */ = {isa = PBXBuildFile; fileRef = 125953BF2E1ACBEF00BB700A /* ProfileCardView.swift */; };
		125953C32E1ACE9A00BB700A /* OnlineLabel.swift in Sources */ = {isa = PBXBuildFile; fileRef = 125953C22E1ACE9A00BB700A /* OnlineLabel.swift */; };
		125953C52E1ACEAF00BB700A /* OnlineStatus.swift in Sources */ = {isa = PBXBuildFile; fileRef = 125953C42E1ACEAF00BB700A /* OnlineStatus.swift */; };
		125953C72E1AD8A700BB700A /* DatingProfile.swift in Sources */ = {isa = PBXBuildFile; fileRef = 125953C62E1AD8A700BB700A /* DatingProfile.swift */; };
		125953C92E1ADD6000BB700A /* ProfileCardPhoto.swift in Sources */ = {isa = PBXBuildFile; fileRef = 125953C82E1ADD6000BB700A /* ProfileCardPhoto.swift */; };
		125953CB2E1ADE6900BB700A /* ProfileCardButtons.swift in Sources */ = {isa = PBXBuildFile; fileRef = 125953CA2E1ADE6900BB700A /* ProfileCardButtons.swift */; };
		125953CD2E1AE36D00BB700A /* Lato-Bold.ttf in Resources */ = {isa = PBXBuildFile; fileRef = 125953CC2E1AE36D00BB700A /* Lato-Bold.ttf */; };
		125953CF2E1AE37C00BB700A /* Lato-ExtraBold.ttf in Resources */ = {isa = PBXBuildFile; fileRef = 125953CE2E1AE37C00BB700A /* Lato-ExtraBold.ttf */; };
		125953D22E1AEAE100BB700A /* Lato-SemiBold.ttf in Resources */ = {isa = PBXBuildFile; fileRef = 125953D12E1AEAE100BB700A /* Lato-SemiBold.ttf */; };
		125953D52E1AF28800BB700A /* Paywall.swift in Sources */ = {isa = PBXBuildFile; fileRef = 125953D42E1AF28800BB700A /* Paywall.swift */; };
		125953D72E1AF36500BB700A /* Lato-Regular.ttf in Resources */ = {isa = PBXBuildFile; fileRef = 125953D62E1AF36500BB700A /* Lato-Regular.ttf */; };
		125953DA2E1AFC7200BB700A /* FeedOnlineView.swift in Sources */ = {isa = PBXBuildFile; fileRef = 125953D92E1AFC7200BB700A /* FeedOnlineView.swift */; };
		125953DD2E1BB1FE00BB700A /* PaywallMessage.swift in Sources */ = {isa = PBXBuildFile; fileRef = 125953DC2E1BB1FE00BB700A /* PaywallMessage.swift */; };
		125953E22E1BD52300BB700A /* ScoreButton.swift in Sources */ = {isa = PBXBuildFile; fileRef = 125953E12E1BD52300BB700A /* ScoreButton.swift */; };
		125953E42E1BD59200BB700A /* Title.swift in Sources */ = {isa = PBXBuildFile; fileRef = 125953E32E1BD59200BB700A /* Title.swift */; };
/* End PBXBuildFile section */

/* Begin PBXFileReference section */
		125953A52E1AC99700BB700A /* Dating.app */ = {isa = PBXFileReference; explicitFileType = wrapper.application; includeInIndex = 0; path = Dating.app; sourceTree = BUILT_PRODUCTS_DIR; };
		125953B32E1AC9B600BB700A /* Assets.xcassets */ = {isa = PBXFileReference; lastKnownFileType = folder.assetcatalog; path = Assets.xcassets; sourceTree = "<group>"; };
		125953B42E1AC9B600BB700A /* MainView.swift */ = {isa = PBXFileReference; lastKnownFileType = sourcecode.swift; path = MainView.swift; sourceTree = "<group>"; };
		125953B52E1AC9B600BB700A /* DatingApp.swift */ = {isa = PBXFileReference; lastKnownFileType = sourcecode.swift; path = DatingApp.swift; sourceTree = "<group>"; };
		125953BD2E1AC9EA00BB700A /* FeedView.swift */ = {isa = PBXFileReference; lastKnownFileType = sourcecode.swift; path = FeedView.swift; sourceTree = "<group>"; };
		125953BF2E1ACBEF00BB700A /* ProfileCardView.swift */ = {isa = PBXFileReference; lastKnownFileType = sourcecode.swift; path = ProfileCardView.swift; sourceTree = "<group>"; };
		125953C22E1ACE9A00BB700A /* OnlineLabel.swift */ = {isa = PBXFileReference; lastKnownFileType = sourcecode.swift; path = OnlineLabel.swift; sourceTree = "<group>"; };
		125953C42E1ACEAF00BB700A /* OnlineStatus.swift */ = {isa = PBXFileReference; lastKnownFileType = sourcecode.swift; path = OnlineStatus.swift; sourceTree = "<group>"; };
		125953C62E1AD8A700BB700A /* DatingProfile.swift */ = {isa = PBXFileReference; lastKnownFileType = sourcecode.swift; path = DatingProfile.swift; sourceTree = "<group>"; };
		125953C82E1ADD6000BB700A /* ProfileCardPhoto.swift */ = {isa = PBXFileReference; lastKnownFileType = sourcecode.swift; path = ProfileCardPhoto.swift; sourceTree = "<group>"; };
		125953CA2E1ADE6900BB700A /* ProfileCardButtons.swift */ = {isa = PBXFileReference; lastKnownFileType = sourcecode.swift; path = ProfileCardButtons.swift; sourceTree = "<group>"; };
		125953CC2E1AE36D00BB700A /* Lato-Bold.ttf */ = {isa = PBXFileReference; lastKnownFileType = file; path = "Lato-Bold.ttf"; sourceTree = "<group>"; };
		125953CE2E1AE37C00BB700A /* Lato-ExtraBold.ttf */ = {isa = PBXFileReference; lastKnownFileType = file; path = "Lato-ExtraBold.ttf"; sourceTree = "<group>"; };
		125953D02E1AE3C300BB700A /* Info.plist */ = {isa = PBXFileReference; lastKnownFileType = text.plist; path = Info.plist; sourceTree = "<group>"; };
		125953D12E1AEAE100BB700A /* Lato-SemiBold.ttf */ = {isa = PBXFileReference; lastKnownFileType = file; path = "Lato-SemiBold.ttf"; sourceTree = "<group>"; };
		125953D42E1AF28800BB700A /* Paywall.swift */ = {isa = PBXFileReference; lastKnownFileType = sourcecode.swift; path = Paywall.swift; sourceTree = "<group>"; };
		125953D62E1AF36500BB700A /* Lato-Regular.ttf */ = {isa = PBXFileReference; lastKnownFileType = file; path = "Lato-Regular.ttf"; sourceTree = "<group>"; };
		125953D92E1AFC7200BB700A /* FeedOnlineView.swift */ = {isa = PBXFileReference; lastKnownFileType = sourcecode.swift; path = FeedOnlineView.swift; sourceTree = "<group>"; };
		125953DC2E1BB1FE00BB700A /* PaywallMessage.swift */ = {isa = PBXFileReference; lastKnownFileType = sourcecode.swift; path = PaywallMessage.swift; sourceTree = "<group>"; };
		125953E12E1BD52300BB700A /* ScoreButton.swift */ = {isa = PBXFileReference; lastKnownFileType = sourcecode.swift; path = ScoreButton.swift; sourceTree = "<group>"; };
		125953E32E1BD59200BB700A /* Title.swift */ = {isa = PBXFileReference; lastKnownFileType = sourcecode.swift; path = Title.swift; sourceTree = "<group>"; };
/* End PBXFileReference section */

/* Begin PBXFrameworksBuildPhase section */
		125953A22E1AC99700BB700A /* Frameworks */ = {
			isa = PBXFrameworksBuildPhase;
			buildActionMask = 2147483647;
			files = (
			);
			runOnlyForDeploymentPostprocessing = 0;
		};
/* End PBXFrameworksBuildPhase section */

/* Begin PBXGroup section */
		1259539C2E1AC99700BB700A = {
			isa = PBXGroup;
			children = (
				125953B62E1AC9B600BB700A /* Dating */,
				125953A62E1AC99700BB700A /* Products */,
			);
			sourceTree = "<group>";
		};
		125953A62E1AC99700BB700A /* Products */ = {
			isa = PBXGroup;
			children = (
				125953A52E1AC99700BB700A /* Dating.app */,
			);
			name = Products;
			sourceTree = "<group>";
		};
		125953B62E1AC9B600BB700A /* Dating */ = {
			isa = PBXGroup;
			children = (
				125953D02E1AE3C300BB700A /* Info.plist */,
				125953B52E1AC9B600BB700A /* DatingApp.swift */,
				125953D82E1AF36B00BB700A /* Fonts */,
				125953B32E1AC9B600BB700A /* Assets.xcassets */,
				125953BC2E1AC9D300BB700A /* Model */,
				125953BA2E1AC9C300BB700A /* Views */,
			);
			path = Dating;
			sourceTree = "<group>";
		};
		125953BA2E1AC9C300BB700A /* Views */ = {
			isa = PBXGroup;
			children = (
				125953B42E1AC9B600BB700A /* MainView.swift */,
				125953E02E1BD50B00BB700A /* ToolBarItems */,
				125953D32E1AF26F00BB700A /* Paywall */,
				125953BB2E1AC9C900BB700A /* Feed */,
			);
			path = Views;
			sourceTree = "<group>";
		};
		125953BB2E1AC9C900BB700A /* Feed */ = {
			isa = PBXGroup;
			children = (
				125953BD2E1AC9EA00BB700A /* FeedView.swift */,
				125953D92E1AFC7200BB700A /* FeedOnlineView.swift */,
				125953C12E1ACE7500BB700A /* CardView */,
			);
			path = Feed;
			sourceTree = "<group>";
		};
		125953BC2E1AC9D300BB700A /* Model */ = {
			isa = PBXGroup;
			children = (
				125953C42E1ACEAF00BB700A /* OnlineStatus.swift */,
				125953C62E1AD8A700BB700A /* DatingProfile.swift */,
			);
			path = Model;
			sourceTree = "<group>";
		};
		125953C12E1ACE7500BB700A /* CardView */ = {
			isa = PBXGroup;
			children = (
				125953BF2E1ACBEF00BB700A /* ProfileCardView.swift */,
				125953C82E1ADD6000BB700A /* ProfileCardPhoto.swift */,
				125953CA2E1ADE6900BB700A /* ProfileCardButtons.swift */,
				125953C22E1ACE9A00BB700A /* OnlineLabel.swift */,
			);
			path = CardView;
			sourceTree = "<group>";
		};
		125953D32E1AF26F00BB700A /* Paywall */ = {
			isa = PBXGroup;
			children = (
				125953D42E1AF28800BB700A /* Paywall.swift */,
				125953DC2E1BB1FE00BB700A /* PaywallMessage.swift */,
			);
			path = Paywall;
			sourceTree = "<group>";
		};
		125953D82E1AF36B00BB700A /* Fonts */ = {
			isa = PBXGroup;
			children = (
				125953D62E1AF36500BB700A /* Lato-Regular.ttf */,
				125953CC2E1AE36D00BB700A /* Lato-Bold.ttf */,
				125953CE2E1AE37C00BB700A /* Lato-ExtraBold.ttf */,
				125953D12E1AEAE100BB700A /* Lato-SemiBold.ttf */,
			);
			path = Fonts;
			sourceTree = "<group>";
		};
		125953E02E1BD50B00BB700A /* ToolBarItems */ = {
			isa = PBXGroup;
			children = (
				125953E12E1BD52300BB700A /* ScoreButton.swift */,
				125953E32E1BD59200BB700A /* Title.swift */,
			);
			path = ToolBarItems;
			sourceTree = "<group>";
		};
/* End PBXGroup section */

/* Begin PBXNativeTarget section */
		125953A42E1AC99700BB700A /* Dating */ = {
			isa = PBXNativeTarget;
			buildConfigurationList = 125953B02E1AC99800BB700A /* Build configuration list for PBXNativeTarget "Dating" */;
			buildPhases = (
				125953A12E1AC99700BB700A /* Sources */,
				125953A22E1AC99700BB700A /* Frameworks */,
				125953A32E1AC99700BB700A /* Resources */,
			);
			buildRules = (
			);
			dependencies = (
			);
			name = Dating;
			packageProductDependencies = (
			);
			productName = Dating;
			productReference = 125953A52E1AC99700BB700A /* Dating.app */;
			productType = "com.apple.product-type.application";
		};
/* End PBXNativeTarget section */

/* Begin PBXProject section */
		1259539D2E1AC99700BB700A /* Project object */ = {
			isa = PBXProject;
			attributes = {
				BuildIndependentTargetsInParallel = 1;
				LastSwiftUpdateCheck = 1640;
				LastUpgradeCheck = 1640;
				TargetAttributes = {
					125953A42E1AC99700BB700A = {
						CreatedOnToolsVersion = 16.4;
					};
				};
			};
			buildConfigurationList = 125953A02E1AC99700BB700A /* Build configuration list for PBXProject "Dating" */;
			developmentRegion = en;
			hasScannedForEncodings = 0;
			knownRegions = (
				en,
				Base,
			);
			mainGroup = 1259539C2E1AC99700BB700A;
			minimizedProjectReferenceProxies = 1;
			preferredProjectObjectVersion = 77;
			productRefGroup = 125953A62E1AC99700BB700A /* Products */;
			projectDirPath = "";
			projectRoot = "";
			targets = (
				125953A42E1AC99700BB700A /* Dating */,
			);
		};
/* End PBXProject section */

/* Begin PBXResourcesBuildPhase section */
		125953A32E1AC99700BB700A /* Resources */ = {
			isa = PBXResourcesBuildPhase;
			buildActionMask = 2147483647;
			files = (
				125953CF2E1AE37C00BB700A /* Lato-ExtraBold.ttf in Resources */,
				125953D22E1AEAE100BB700A /* Lato-SemiBold.ttf in Resources */,
				125953D72E1AF36500BB700A /* Lato-Regular.ttf in Resources */,
				125953B92E1AC9B600BB700A /* Assets.xcassets in Resources */,
				125953CD2E1AE36D00BB700A /* Lato-Bold.ttf in Resources */,
			);
			runOnlyForDeploymentPostprocessing = 0;
		};
/* End PBXResourcesBuildPhase section */

/* Begin PBXSourcesBuildPhase section */
		125953A12E1AC99700BB700A /* Sources */ = {
			isa = PBXSourcesBuildPhase;
			buildActionMask = 2147483647;
			files = (
				125953B72E1AC9B600BB700A /* MainView.swift in Sources */,
				125953BE2E1AC9EA00BB700A /* FeedView.swift in Sources */,
				125953DA2E1AFC7200BB700A /* FeedOnlineView.swift in Sources */,
				125953D52E1AF28800BB700A /* Paywall.swift in Sources */,
				125953C02E1ACBEF00BB700A /* ProfileCardView.swift in Sources */,
				125953B82E1AC9B600BB700A /* DatingApp.swift in Sources */,
				125953C52E1ACEAF00BB700A /* OnlineStatus.swift in Sources */,
				125953C72E1AD8A700BB700A /* DatingProfile.swift in Sources */,
				125953C92E1ADD6000BB700A /* ProfileCardPhoto.swift in Sources */,
				125953E42E1BD59200BB700A /* Title.swift in Sources */,
				125953CB2E1ADE6900BB700A /* ProfileCardButtons.swift in Sources */,
				125953DD2E1BB1FE00BB700A /* PaywallMessage.swift in Sources */,
				125953E22E1BD52300BB700A /* ScoreButton.swift in Sources */,
				125953C32E1ACE9A00BB700A /* OnlineLabel.swift in Sources */,
			);
			runOnlyForDeploymentPostprocessing = 0;
		};
/* End PBXSourcesBuildPhase section */

/* Begin XCBuildConfiguration section */
		125953AE2E1AC99800BB700A /* Debug */ = {
			isa = XCBuildConfiguration;
			buildSettings = {
				ALWAYS_SEARCH_USER_PATHS = NO;
				ASSETCATALOG_COMPILER_GENERATE_SWIFT_ASSET_SYMBOL_EXTENSIONS = YES;
				CLANG_ANALYZER_NONNULL = YES;
				CLANG_ANALYZER_NUMBER_OBJECT_CONVERSION = YES_AGGRESSIVE;
				CLANG_CXX_LANGUAGE_STANDARD = "gnu++20";
				CLANG_ENABLE_MODULES = YES;
				CLANG_ENABLE_OBJC_ARC = YES;
				CLANG_ENABLE_OBJC_WEAK = YES;
				CLANG_WARN_BLOCK_CAPTURE_AUTORELEASING = YES;
				CLANG_WARN_BOOL_CONVERSION = YES;
				CLANG_WARN_COMMA = YES;
				CLANG_WARN_CONSTANT_CONVERSION = YES;
				CLANG_WARN_DEPRECATED_OBJC_IMPLEMENTATIONS = YES;
				CLANG_WARN_DIRECT_OBJC_ISA_USAGE = YES_ERROR;
				CLANG_WARN_DOCUMENTATION_COMMENTS = YES;
				CLANG_WARN_EMPTY_BODY = YES;
				CLANG_WARN_ENUM_CONVERSION = YES;
				CLANG_WARN_INFINITE_RECURSION = YES;
				CLANG_WARN_INT_CONVERSION = YES;
				CLANG_WARN_NON_LITERAL_NULL_CONVERSION = YES;
				CLANG_WARN_OBJC_IMPLICIT_RETAIN_SELF = YES;
				CLANG_WARN_OBJC_LITERAL_CONVERSION = YES;
				CLANG_WARN_OBJC_ROOT_CLASS = YES_ERROR;
				CLANG_WARN_QUOTED_INCLUDE_IN_FRAMEWORK_HEADER = YES;
				CLANG_WARN_RANGE_LOOP_ANALYSIS = YES;
				CLANG_WARN_STRICT_PROTOTYPES = YES;
				CLANG_WARN_SUSPICIOUS_MOVE = YES;
				CLANG_WARN_UNGUARDED_AVAILABILITY = YES_AGGRESSIVE;
				CLANG_WARN_UNREACHABLE_CODE = YES;
				CLANG_WARN__DUPLICATE_METHOD_MATCH = YES;
				COPY_PHASE_STRIP = NO;
				DEBUG_INFORMATION_FORMAT = dwarf;
				DEVELOPMENT_TEAM = BZY75949H5;
				ENABLE_STRICT_OBJC_MSGSEND = YES;
				ENABLE_TESTABILITY = YES;
				ENABLE_USER_SCRIPT_SANDBOXING = YES;
				GCC_C_LANGUAGE_STANDARD = gnu17;
				GCC_DYNAMIC_NO_PIC = NO;
				GCC_NO_COMMON_BLOCKS = YES;
				GCC_OPTIMIZATION_LEVEL = 0;
				GCC_PREPROCESSOR_DEFINITIONS = (
					"DEBUG=1",
					"$(inherited)",
				);
				GCC_WARN_64_TO_32_BIT_CONVERSION = YES;
				GCC_WARN_ABOUT_RETURN_TYPE = YES_ERROR;
				GCC_WARN_UNDECLARED_SELECTOR = YES;
				GCC_WARN_UNINITIALIZED_AUTOS = YES_AGGRESSIVE;
				GCC_WARN_UNUSED_FUNCTION = YES;
				GCC_WARN_UNUSED_VARIABLE = YES;
				IPHONEOS_DEPLOYMENT_TARGET = 18.5;
				LOCALIZATION_PREFERS_STRING_CATALOGS = YES;
				MTL_ENABLE_DEBUG_INFO = INCLUDE_SOURCE;
				MTL_FAST_MATH = YES;
				ONLY_ACTIVE_ARCH = YES;
				SDKROOT = iphoneos;
				SWIFT_ACTIVE_COMPILATION_CONDITIONS = "DEBUG $(inherited)";
				SWIFT_OPTIMIZATION_LEVEL = "-Onone";
			};
			name = Debug;
		};
		125953AF2E1AC99800BB700A /* Release */ = {
			isa = XCBuildConfiguration;
			buildSettings = {
				ALWAYS_SEARCH_USER_PATHS = NO;
				ASSETCATALOG_COMPILER_GENERATE_SWIFT_ASSET_SYMBOL_EXTENSIONS = YES;
				CLANG_ANALYZER_NONNULL = YES;
				CLANG_ANALYZER_NUMBER_OBJECT_CONVERSION = YES_AGGRESSIVE;
				CLANG_CXX_LANGUAGE_STANDARD = "gnu++20";
				CLANG_ENABLE_MODULES = YES;
				CLANG_ENABLE_OBJC_ARC = YES;
				CLANG_ENABLE_OBJC_WEAK = YES;
				CLANG_WARN_BLOCK_CAPTURE_AUTORELEASING = YES;
				CLANG_WARN_BOOL_CONVERSION = YES;
				CLANG_WARN_COMMA = YES;
				CLANG_WARN_CONSTANT_CONVERSION = YES;
				CLANG_WARN_DEPRECATED_OBJC_IMPLEMENTATIONS = YES;
				CLANG_WARN_DIRECT_OBJC_ISA_USAGE = YES_ERROR;
				CLANG_WARN_DOCUMENTATION_COMMENTS = YES;
				CLANG_WARN_EMPTY_BODY = YES;
				CLANG_WARN_ENUM_CONVERSION = YES;
				CLANG_WARN_INFINITE_RECURSION = YES;
				CLANG_WARN_INT_CONVERSION = YES;
				CLANG_WARN_NON_LITERAL_NULL_CONVERSION = YES;
				CLANG_WARN_OBJC_IMPLICIT_RETAIN_SELF = YES;
				CLANG_WARN_OBJC_LITERAL_CONVERSION = YES;
				CLANG_WARN_OBJC_ROOT_CLASS = YES_ERROR;
				CLANG_WARN_QUOTED_INCLUDE_IN_FRAMEWORK_HEADER = YES;
				CLANG_WARN_RANGE_LOOP_ANALYSIS = YES;
				CLANG_WARN_STRICT_PROTOTYPES = YES;
				CLANG_WARN_SUSPICIOUS_MOVE = YES;
				CLANG_WARN_UNGUARDED_AVAILABILITY = YES_AGGRESSIVE;
				CLANG_WARN_UNREACHABLE_CODE = YES;
				CLANG_WARN__DUPLICATE_METHOD_MATCH = YES;
				COPY_PHASE_STRIP = NO;
				DEBUG_INFORMATION_FORMAT = "dwarf-with-dsym";
				DEVELOPMENT_TEAM = BZY75949H5;
				ENABLE_NS_ASSERTIONS = NO;
				ENABLE_STRICT_OBJC_MSGSEND = YES;
				ENABLE_USER_SCRIPT_SANDBOXING = YES;
				GCC_C_LANGUAGE_STANDARD = gnu17;
				GCC_NO_COMMON_BLOCKS = YES;
				GCC_WARN_64_TO_32_BIT_CONVERSION = YES;
				GCC_WARN_ABOUT_RETURN_TYPE = YES_ERROR;
				GCC_WARN_UNDECLARED_SELECTOR = YES;
				GCC_WARN_UNINITIALIZED_AUTOS = YES_AGGRESSIVE;
				GCC_WARN_UNUSED_FUNCTION = YES;
				GCC_WARN_UNUSED_VARIABLE = YES;
				IPHONEOS_DEPLOYMENT_TARGET = 18.5;
				LOCALIZATION_PREFERS_STRING_CATALOGS = YES;
				MTL_ENABLE_DEBUG_INFO = NO;
				MTL_FAST_MATH = YES;
				SDKROOT = iphoneos;
				SWIFT_COMPILATION_MODE = wholemodule;
				VALIDATE_PRODUCT = YES;
			};
			name = Release;
		};
		125953B12E1AC99800BB700A /* Debug */ = {
			isa = XCBuildConfiguration;
			buildSettings = {
				ASSETCATALOG_COMPILER_APPICON_NAME = AppIcon;
				ASSETCATALOG_COMPILER_GLOBAL_ACCENT_COLOR_NAME = AccentColor;
				CODE_SIGN_STYLE = Automatic;
				CURRENT_PROJECT_VERSION = 1;
				DEVELOPMENT_TEAM = BZY75949H5;
				ENABLE_PREVIEWS = YES;
				GENERATE_INFOPLIST_FILE = YES;
				INFOPLIST_FILE = Dating/Info.plist;
				INFOPLIST_KEY_UIApplicationSceneManifest_Generation = YES;
				INFOPLIST_KEY_UIApplicationSupportsIndirectInputEvents = YES;
				INFOPLIST_KEY_UILaunchScreen_Generation = YES;
				INFOPLIST_KEY_UISupportedInterfaceOrientations = UIInterfaceOrientationPortrait;
				INFOPLIST_KEY_UISupportedInterfaceOrientations_iPad = "UIInterfaceOrientationLandscapeLeft UIInterfaceOrientationLandscapeRight UIInterfaceOrientationPortrait UIInterfaceOrientationPortraitUpsideDown";
				IPHONEOS_DEPLOYMENT_TARGET = 17;
				LD_RUNPATH_SEARCH_PATHS = (
					"$(inherited)",
					"@executable_path/Frameworks",
				);
				MARKETING_VERSION = 1.0;
				PRODUCT_BUNDLE_IDENTIFIER = com.A.Dating;
				PRODUCT_NAME = "$(TARGET_NAME)";
				SUPPORTED_PLATFORMS = "iphoneos iphonesimulator";
				SUPPORTS_MACCATALYST = NO;
				SUPPORTS_MAC_DESIGNED_FOR_IPHONE_IPAD = NO;
				SUPPORTS_XR_DESIGNED_FOR_IPHONE_IPAD = NO;
				SWIFT_EMIT_LOC_STRINGS = YES;
				SWIFT_VERSION = 5.0;
				TARGETED_DEVICE_FAMILY = 1;
			};
			name = Debug;
		};
		125953B22E1AC99800BB700A /* Release */ = {
			isa = XCBuildConfiguration;
			buildSettings = {
				ASSETCATALOG_COMPILER_APPICON_NAME = AppIcon;
				ASSETCATALOG_COMPILER_GLOBAL_ACCENT_COLOR_NAME = AccentColor;
				CODE_SIGN_STYLE = Automatic;
				CURRENT_PROJECT_VERSION = 1;
				DEVELOPMENT_TEAM = BZY75949H5;
				ENABLE_PREVIEWS = YES;
				GENERATE_INFOPLIST_FILE = YES;
				INFOPLIST_FILE = Dating/Info.plist;
				INFOPLIST_KEY_UIApplicationSceneManifest_Generation = YES;
				INFOPLIST_KEY_UIApplicationSupportsIndirectInputEvents = YES;
				INFOPLIST_KEY_UILaunchScreen_Generation = YES;
				INFOPLIST_KEY_UISupportedInterfaceOrientations = UIInterfaceOrientationPortrait;
				INFOPLIST_KEY_UISupportedInterfaceOrientations_iPad = "UIInterfaceOrientationLandscapeLeft UIInterfaceOrientationLandscapeRight UIInterfaceOrientationPortrait UIInterfaceOrientationPortraitUpsideDown";
				IPHONEOS_DEPLOYMENT_TARGET = 17;
				LD_RUNPATH_SEARCH_PATHS = (
					"$(inherited)",
					"@executable_path/Frameworks",
				);
				MARKETING_VERSION = 1.0;
				PRODUCT_BUNDLE_IDENTIFIER = com.A.Dating;
				PRODUCT_NAME = "$(TARGET_NAME)";
				SUPPORTED_PLATFORMS = "iphoneos iphonesimulator";
				SUPPORTS_MACCATALYST = NO;
				SUPPORTS_MAC_DESIGNED_FOR_IPHONE_IPAD = NO;
				SUPPORTS_XR_DESIGNED_FOR_IPHONE_IPAD = NO;
				SWIFT_EMIT_LOC_STRINGS = YES;
				SWIFT_VERSION = 5.0;
				TARGETED_DEVICE_FAMILY = 1;
			};
			name = Release;
		};
/* End XCBuildConfiguration section */

/* Begin XCConfigurationList section */
		125953A02E1AC99700BB700A /* Build configuration list for PBXProject "Dating" */ = {
			isa = XCConfigurationList;
			buildConfigurations = (
				125953AE2E1AC99800BB700A /* Debug */,
				125953AF2E1AC99800BB700A /* Release */,
			);
			defaultConfigurationIsVisible = 0;
			defaultConfigurationName = Release;
		};
		125953B02E1AC99800BB700A /* Build configuration list for PBXNativeTarget "Dating" */ = {
			isa = XCConfigurationList;
			buildConfigurations = (
				125953B12E1AC99800BB700A /* Debug */,
				125953B22E1AC99800BB700A /* Release */,
			);
			defaultConfigurationIsVisible = 0;
			defaultConfigurationName = Release;
		};
/* End XCConfigurationList section */
	};
	rootObject = 1259539D2E1AC99700BB700A /* Project object */;
}
